
Microsoft Visual Studio Solution File, Format Version 12.00
# Visual Studio Version 17
VisualStudioVersion = 17.10.35122.118
MinimumVisualStudioVersion = 10.0.40219.1
Project("{FAE04EC0-301F-11D3-BF4B-00C04F79EFBC}") = "Space Invaders Game WPF MOO ICT", "Space Invaders Game WPF MOO ICT.csproj", "{9603F2DF-C30A-4B32-96CE-6DE1CF724271}"
EndProject
Global
	GlobalSection(SolutionConfigurationPlatforms) = preSolution
		Debug|Any CPU = Debug|Any CPU
		Release|Any CPU = Release|Any CPU
	EndGlobalSection
	GlobalSection(ProjectConfigurationPlatforms) = postSolution
		{9603F2DF-C30A-4B32-96CE-6DE1CF724271}.Debug|Any CPU.ActiveCfg = Debug|Any CPU
		{9603F2DF-C30A-4B32-96CE-6DE1CF724271}.Debug|Any CPU.Build.0 = Debug|Any CPU
		{9603F2DF-C30A-4B32-96CE-6DE1CF724271}.Release|Any CPU.ActiveCfg = Release|Any CPU
		{9603F2DF-C30A-4B32-96CE-6DE1CF724271}.Release|Any CPU.Build.0 = Release|Any CPU
	EndGlobalSection
	GlobalSection(SolutionProperties) = preSolution
		HideSolutionNode = FALSE
	EndGlobalSection
	GlobalSection(ExtensibilityGlobals) = postSolution
		SolutionGuid = {F75E2E13-42CA-4C4E-8A98-0072B39D6EC8}
	EndGlobalSection
EndGlobal
